// !$*UTF8*$!
{
	archiveVersion = 1;
	classes = {
	};
	objectVersion = 77;
	objects = {

/* Begin PBXBuildFile section */
		C6516F3C2CF5978D00FCFAF2 /* Preview Assets.xcassets in Resources */ = {isa = PBXBuildFile; fileRef = C6516F322CF5978D00FCFAF2 /* Preview Assets.xcassets */; };
		C6516F3D2CF5978D00FCFAF2 /* Assets.xcassets in Resources */ = {isa = PBXBuildFile; fileRef = C6516F352CF5978D00FCFAF2 /* Assets.xcassets */; };
		C6516F3E2CF5978D00FCFAF2 /* ActivatedView.swift in Sources */ = {isa = PBXBuildFile; fileRef = C6516F342CF5978D00FCFAF2 /* ActivatedView.swift */; };
		C6516F3F2CF5978D00FCFAF2 /* ContentView.swift in Sources */ = {isa = PBXBuildFile; fileRef = C6516F362CF5978D00FCFAF2 /* ContentView.swift */; };
		C6516F402CF5978D00FCFAF2 /* HomeView.swift in Sources */ = {isa = PBXBuildFile; fileRef = C6516F372CF5978D00FCFAF2 /* HomeView.swift */; };
		C6516F422CF5978D00FCFAF2 /* RootView.swift in Sources */ = {isa = PBXBuildFile; fileRef = C6516F392CF5978D00FCFAF2 /* RootView.swift */; };
		C6516F432CF5978D00FCFAF2 /* SipTrackerApp.swift in Sources */ = {isa = PBXBuildFile; fileRef = C6516F3A2CF5978D00FCFAF2 /* SipTrackerApp.swift */; };
		C6516F472CF5982200FCFAF2 /* Constant.swift in Sources */ = {isa = PBXBuildFile; fileRef = C6516F462CF5981D00FCFAF2 /* Constant.swift */; };
		C6516F4E2CF59E7600FCFAF2 /* DrinkRecord.swift in Sources */ = {isa = PBXBuildFile; fileRef = C6516F4D2CF59E7600FCFAF2 /* DrinkRecord.swift */; };
		C6516F502CF59FAD00FCFAF2 /* MyPageView.swift in Sources */ = {isa = PBXBuildFile; fileRef = C6516F4F2CF59FA900FCFAF2 /* MyPageView.swift */; };
		C6516F522CF5A02E00FCFAF2 /* DrinkingSessionManager.swift in Sources */ = {isa = PBXBuildFile; fileRef = C6516F512CF5A02E00FCFAF2 /* DrinkingSessionManager.swift */; };
		C6516F6B2CFC375100FCFAF2 /* FSCalendar in Frameworks */ = {isa = PBXBuildFile; productRef = C6516F6A2CFC375100FCFAF2 /* FSCalendar */; };
		C6516F712CFC3A8900FCFAF2 /* AppStateManager.swift in Sources */ = {isa = PBXBuildFile; fileRef = C6516F702CFC3A8600FCFAF2 /* AppStateManager.swift */; };
		C6516F732CFC3B6900FCFAF2 /* User.swift in Sources */ = {isa = PBXBuildFile; fileRef = C6516F722CFC3B6900FCFAF2 /* User.swift */; };
		C6516F772CFC3BBF00FCFAF2 /* UserSetupView.swift in Sources */ = {isa = PBXBuildFile; fileRef = C6516F762CFC3BBF00FCFAF2 /* UserSetupView.swift */; };
		C6516F7B2CFC53C600FCFAF2 /* MyCalendar.swift in Sources */ = {isa = PBXBuildFile; fileRef = C6516F7A2CFC53C600FCFAF2 /* MyCalendar.swift */; };
		C6516F7D2CFC5A5700FCFAF2 /* SelectedDateEventView.swift in Sources */ = {isa = PBXBuildFile; fileRef = C6516F7C2CFC5A5700FCFAF2 /* SelectedDateEventView.swift */; };
		C6DDF3F42CFC821100421325 /* KeyboardHideable.swift in Sources */ = {isa = PBXBuildFile; fileRef = C6DDF3F32CFC821000421325 /* KeyboardHideable.swift */; };
		C6DDF3F62CFC926F00421325 /* GameCompleteView.swift in Sources */ = {isa = PBXBuildFile; fileRef = C6DDF3F52CFC926B00421325 /* GameCompleteView.swift */; };
		C6F07EA02CFC65ED00F44F30 /* GameView.swift in Sources */ = {isa = PBXBuildFile; fileRef = C6F07E9F2CFC65EA00F44F30 /* GameView.swift */; };
		C6F07EA22CFC67A100F44F30 /* MultiplicationGame.swift in Sources */ = {isa = PBXBuildFile; fileRef = C6F07EA12CFC678A00F44F30 /* MultiplicationGame.swift */; };
		C6F07EA42CFC67B800F44F30 /* FindingGame.swift in Sources */ = {isa = PBXBuildFile; fileRef = C6F07EA32CFC67A500F44F30 /* FindingGame.swift */; };
		C6F07EA62CFC67C900F44F30 /* TypingGame.swift in Sources */ = {isa = PBXBuildFile; fileRef = C6F07EA52CFC67BB00F44F30 /* TypingGame.swift */; };
		C6F07EA92CFC69E300F44F30 /* SwiftUIIntrospect in Frameworks */ = {isa = PBXBuildFile; productRef = C6F07EA82CFC69E300F44F30 /* SwiftUIIntrospect */; };
		C6F07EAB2CFC6C6800F44F30 /* GameViewModel.swift in Sources */ = {isa = PBXBuildFile; fileRef = C6F07EAA2CFC6C6400F44F30 /* GameViewModel.swift */; };
/* End PBXBuildFile section */

/* Begin PBXFileReference section */
		C6516F322CF5978D00FCFAF2 /* Preview Assets.xcassets */ = {isa = PBXFileReference; lastKnownFileType = folder.assetcatalog; path = "Preview Assets.xcassets"; sourceTree = "<group>"; };
		C6516F342CF5978D00FCFAF2 /* ActivatedView.swift */ = {isa = PBXFileReference; lastKnownFileType = sourcecode.swift; path = ActivatedView.swift; sourceTree = "<group>"; };
		C6516F352CF5978D00FCFAF2 /* Assets.xcassets */ = {isa = PBXFileReference; lastKnownFileType = folder.assetcatalog; path = Assets.xcassets; sourceTree = "<group>"; };
		C6516F362CF5978D00FCFAF2 /* ContentView.swift */ = {isa = PBXFileReference; lastKnownFileType = sourcecode.swift; path = ContentView.swift; sourceTree = "<group>"; };
		C6516F372CF5978D00FCFAF2 /* HomeView.swift */ = {isa = PBXFileReference; lastKnownFileType = sourcecode.swift; path = HomeView.swift; sourceTree = "<group>"; };
		C6516F392CF5978D00FCFAF2 /* RootView.swift */ = {isa = PBXFileReference; lastKnownFileType = sourcecode.swift; path = RootView.swift; sourceTree = "<group>"; };
		C6516F3A2CF5978D00FCFAF2 /* SipTrackerApp.swift */ = {isa = PBXFileReference; lastKnownFileType = sourcecode.swift; path = SipTrackerApp.swift; sourceTree = "<group>"; };
		C6516F462CF5981D00FCFAF2 /* Constant.swift */ = {isa = PBXFileReference; lastKnownFileType = sourcecode.swift; path = Constant.swift; sourceTree = "<group>"; };
		C6516F4D2CF59E7600FCFAF2 /* DrinkRecord.swift */ = {isa = PBXFileReference; lastKnownFileType = sourcecode.swift; path = DrinkRecord.swift; sourceTree = "<group>"; };
		C6516F4F2CF59FA900FCFAF2 /* MyPageView.swift */ = {isa = PBXFileReference; lastKnownFileType = sourcecode.swift; path = MyPageView.swift; sourceTree = "<group>"; };
		C6516F512CF5A02E00FCFAF2 /* DrinkingSessionManager.swift */ = {isa = PBXFileReference; lastKnownFileType = sourcecode.swift; path = DrinkingSessionManager.swift; sourceTree = "<group>"; };
		C6516F702CFC3A8600FCFAF2 /* AppStateManager.swift */ = {isa = PBXFileReference; lastKnownFileType = sourcecode.swift; path = AppStateManager.swift; sourceTree = "<group>"; };
		C6516F722CFC3B6900FCFAF2 /* User.swift */ = {isa = PBXFileReference; lastKnownFileType = sourcecode.swift; path = User.swift; sourceTree = "<group>"; };
		C6516F762CFC3BBF00FCFAF2 /* UserSetupView.swift */ = {isa = PBXFileReference; lastKnownFileType = sourcecode.swift; path = UserSetupView.swift; sourceTree = "<group>"; };
		C6516F7A2CFC53C600FCFAF2 /* MyCalendar.swift */ = {isa = PBXFileReference; lastKnownFileType = sourcecode.swift; path = MyCalendar.swift; sourceTree = "<group>"; };
		C6516F7C2CFC5A5700FCFAF2 /* SelectedDateEventView.swift */ = {isa = PBXFileReference; lastKnownFileType = sourcecode.swift; path = SelectedDateEventView.swift; sourceTree = "<group>"; };
		C6C4C10B2CDD056E00C80E6E /* SipTracker.app */ = {isa = PBXFileReference; explicitFileType = wrapper.application; includeInIndex = 0; path = SipTracker.app; sourceTree = BUILT_PRODUCTS_DIR; };
		C6DDF3F32CFC821000421325 /* KeyboardHideable.swift */ = {isa = PBXFileReference; lastKnownFileType = sourcecode.swift; path = KeyboardHideable.swift; sourceTree = "<group>"; };
		C6DDF3F52CFC926B00421325 /* GameCompleteView.swift */ = {isa = PBXFileReference; lastKnownFileType = sourcecode.swift; path = GameCompleteView.swift; sourceTree = "<group>"; };
		C6F07E9F2CFC65EA00F44F30 /* GameView.swift */ = {isa = PBXFileReference; lastKnownFileType = sourcecode.swift; path = GameView.swift; sourceTree = "<group>"; };
		C6F07EA12CFC678A00F44F30 /* MultiplicationGame.swift */ = {isa = PBXFileReference; lastKnownFileType = sourcecode.swift; path = MultiplicationGame.swift; sourceTree = "<group>"; };
		C6F07EA32CFC67A500F44F30 /* FindingGame.swift */ = {isa = PBXFileReference; lastKnownFileType = sourcecode.swift; path = FindingGame.swift; sourceTree = "<group>"; };
		C6F07EA52CFC67BB00F44F30 /* TypingGame.swift */ = {isa = PBXFileReference; lastKnownFileType = sourcecode.swift; path = TypingGame.swift; sourceTree = "<group>"; };
		C6F07EAA2CFC6C6400F44F30 /* GameViewModel.swift */ = {isa = PBXFileReference; lastKnownFileType = sourcecode.swift; path = GameViewModel.swift; sourceTree = "<group>"; };
/* End PBXFileReference section */

/* Begin PBXFrameworksBuildPhase section */
		C6C4C1082CDD056E00C80E6E /* Frameworks */ = {
			isa = PBXFrameworksBuildPhase;
			buildActionMask = 2147483647;
			files = (
				C6516F6B2CFC375100FCFAF2 /* FSCalendar in Frameworks */,
				C6F07EA92CFC69E300F44F30 /* SwiftUIIntrospect in Frameworks */,
			);
			runOnlyForDeploymentPostprocessing = 0;
		};
/* End PBXFrameworksBuildPhase section */

/* Begin PBXGroup section */
		C6516F332CF5978D00FCFAF2 /* Preview Content */ = {
			isa = PBXGroup;
			children = (
				C6516F322CF5978D00FCFAF2 /* Preview Assets.xcassets */,
			);
			path = "Preview Content";
			sourceTree = "<group>";
		};
		C6516F3B2CF5978D00FCFAF2 /* SipTracker */ = {
			isa = PBXGroup;
			children = (
				C6516F3A2CF5978D00FCFAF2 /* SipTrackerApp.swift */,
				C6516F362CF5978D00FCFAF2 /* ContentView.swift */,
				C6516F392CF5978D00FCFAF2 /* RootView.swift */,
				C6516F6F2CFC39D500FCFAF2 /* Helper */,
				C6516F452CF597AD00FCFAF2 /* Main */,
				C6516F6D2CFC383200FCFAF2 /* MyPage */,
				C6516F6C2CFC382500FCFAF2 /* Game */,
				C6516F6E2CFC399E00FCFAF2 /* Entity */,
				C6516F332CF5978D00FCFAF2 /* Preview Content */,
				C6516F352CF5978D00FCFAF2 /* Assets.xcassets */,
			);
			path = SipTracker;
			sourceTree = "<group>";
		};
		C6516F452CF597AD00FCFAF2 /* Main */ = {
			isa = PBXGroup;
			children = (
				C6516F762CFC3BBF00FCFAF2 /* UserSetupView.swift */,
				C6516F372CF5978D00FCFAF2 /* HomeView.swift */,
				C6516F342CF5978D00FCFAF2 /* ActivatedView.swift */,
			);
			path = Main;
			sourceTree = "<group>";
		};
		C6516F6C2CFC382500FCFAF2 /* Game */ = {
			isa = PBXGroup;
			children = (
				C6F07E9F2CFC65EA00F44F30 /* GameView.swift */,
				C6F07EAA2CFC6C6400F44F30 /* GameViewModel.swift */,
				C6F07EA12CFC678A00F44F30 /* MultiplicationGame.swift */,
				C6F07EA32CFC67A500F44F30 /* FindingGame.swift */,
				C6F07EA52CFC67BB00F44F30 /* TypingGame.swift */,
				C6DDF3F52CFC926B00421325 /* GameCompleteView.swift */,
			);
			path = Game;
			sourceTree = "<group>";
		};
		C6516F6D2CFC383200FCFAF2 /* MyPage */ = {
			isa = PBXGroup;
			children = (
				C6516F4F2CF59FA900FCFAF2 /* MyPageView.swift */,
				C6516F7C2CFC5A5700FCFAF2 /* SelectedDateEventView.swift */,
			);
			path = MyPage;
			sourceTree = "<group>";
		};
		C6516F6E2CFC399E00FCFAF2 /* Entity */ = {
			isa = PBXGroup;
			children = (
				C6516F722CFC3B6900FCFAF2 /* User.swift */,
				C6516F4D2CF59E7600FCFAF2 /* DrinkRecord.swift */,
			);
			path = Entity;
			sourceTree = "<group>";
		};
		C6516F6F2CFC39D500FCFAF2 /* Helper */ = {
			isa = PBXGroup;
			children = (
				C6516F7A2CFC53C600FCFAF2 /* MyCalendar.swift */,
				C6516F462CF5981D00FCFAF2 /* Constant.swift */,
				C6516F702CFC3A8600FCFAF2 /* AppStateManager.swift */,
				C6516F512CF5A02E00FCFAF2 /* DrinkingSessionManager.swift */,
				C6DDF3F32CFC821000421325 /* KeyboardHideable.swift */,
			);
			path = Helper;
			sourceTree = "<group>";
		};
		C6C4C1022CDD056E00C80E6E = {
			isa = PBXGroup;
			children = (
				C6516F3B2CF5978D00FCFAF2 /* SipTracker */,
				C6C4C10C2CDD056E00C80E6E /* Products */,
			);
			sourceTree = "<group>";
		};
		C6C4C10C2CDD056E00C80E6E /* Products */ = {
			isa = PBXGroup;
			children = (
				C6C4C10B2CDD056E00C80E6E /* SipTracker.app */,
			);
			name = Products;
			sourceTree = "<group>";
		};
/* End PBXGroup section */

/* Begin PBXNativeTarget section */
		C6C4C10A2CDD056E00C80E6E /* SipTracker */ = {
			isa = PBXNativeTarget;
			buildConfigurationList = C6C4C11B2CDD056F00C80E6E /* Build configuration list for PBXNativeTarget "SipTracker" */;
			buildPhases = (
				C6C4C1072CDD056E00C80E6E /* Sources */,
				C6C4C1082CDD056E00C80E6E /* Frameworks */,
				C6C4C1092CDD056E00C80E6E /* Resources */,
			);
			buildRules = (
			);
			dependencies = (
			);
			name = SipTracker;
			packageProductDependencies = (
				C6516F6A2CFC375100FCFAF2 /* FSCalendar */,
				C6F07EA82CFC69E300F44F30 /* SwiftUIIntrospect */,
			);
			productName = SipTracker;
			productReference = C6C4C10B2CDD056E00C80E6E /* SipTracker.app */;
			productType = "com.apple.product-type.application";
		};
/* End PBXNativeTarget section */

/* Begin PBXProject section */
		C6C4C1032CDD056E00C80E6E /* Project object */ = {
			isa = PBXProject;
			attributes = {
				BuildIndependentTargetsInParallel = 1;
				LastSwiftUpdateCheck = 1610;
				LastUpgradeCheck = 1610;
				TargetAttributes = {
					C6C4C10A2CDD056E00C80E6E = {
						CreatedOnToolsVersion = 16.1;
					};
				};
			};
			buildConfigurationList = C6C4C1062CDD056E00C80E6E /* Build configuration list for PBXProject "SipTracker" */;
			developmentRegion = en;
			hasScannedForEncodings = 0;
			knownRegions = (
				en,
				Base,
			);
			mainGroup = C6C4C1022CDD056E00C80E6E;
			minimizedProjectReferenceProxies = 1;
			packageReferences = (
				C6516F692CFC375100FCFAF2 /* XCRemoteSwiftPackageReference "FSCalendar" */,
				C6F07EA72CFC69E300F44F30 /* XCRemoteSwiftPackageReference "swiftui-introspect" */,
			);
			preferredProjectObjectVersion = 77;
			productRefGroup = C6C4C10C2CDD056E00C80E6E /* Products */;
			projectDirPath = "";
			projectRoot = "";
			targets = (
				C6C4C10A2CDD056E00C80E6E /* SipTracker */,
			);
		};
/* End PBXProject section */

/* Begin PBXResourcesBuildPhase section */
		C6C4C1092CDD056E00C80E6E /* Resources */ = {
			isa = PBXResourcesBuildPhase;
			buildActionMask = 2147483647;
			files = (
				C6516F3C2CF5978D00FCFAF2 /* Preview Assets.xcassets in Resources */,
				C6516F3D2CF5978D00FCFAF2 /* Assets.xcassets in Resources */,
			);
			runOnlyForDeploymentPostprocessing = 0;
		};
/* End PBXResourcesBuildPhase section */

/* Begin PBXSourcesBuildPhase section */
		C6C4C1072CDD056E00C80E6E /* Sources */ = {
			isa = PBXSourcesBuildPhase;
			buildActionMask = 2147483647;
			files = (
				C6516F7D2CFC5A5700FCFAF2 /* SelectedDateEventView.swift in Sources */,
				C6F07EA42CFC67B800F44F30 /* FindingGame.swift in Sources */,
				C6F07EA62CFC67C900F44F30 /* TypingGame.swift in Sources */,
				C6516F522CF5A02E00FCFAF2 /* DrinkingSessionManager.swift in Sources */,
				C6516F472CF5982200FCFAF2 /* Constant.swift in Sources */,
				C6DDF3F42CFC821100421325 /* KeyboardHideable.swift in Sources */,
				C6DDF3F62CFC926F00421325 /* GameCompleteView.swift in Sources */,
				C6516F3E2CF5978D00FCFAF2 /* ActivatedView.swift in Sources */,
				C6F07EA02CFC65ED00F44F30 /* GameView.swift in Sources */,
				C6516F3F2CF5978D00FCFAF2 /* ContentView.swift in Sources */,
				C6516F402CF5978D00FCFAF2 /* HomeView.swift in Sources */,
				C6516F7B2CFC53C600FCFAF2 /* MyCalendar.swift in Sources */,
				C6516F502CF59FAD00FCFAF2 /* MyPageView.swift in Sources */,
				C6516F422CF5978D00FCFAF2 /* RootView.swift in Sources */,
				C6516F432CF5978D00FCFAF2 /* SipTrackerApp.swift in Sources */,
				C6F07EA22CFC67A100F44F30 /* MultiplicationGame.swift in Sources */,
				C6516F4E2CF59E7600FCFAF2 /* DrinkRecord.swift in Sources */,
				C6F07EAB2CFC6C6800F44F30 /* GameViewModel.swift in Sources */,
				C6516F772CFC3BBF00FCFAF2 /* UserSetupView.swift in Sources */,
				C6516F712CFC3A8900FCFAF2 /* AppStateManager.swift in Sources */,
				C6516F732CFC3B6900FCFAF2 /* User.swift in Sources */,
			);
			runOnlyForDeploymentPostprocessing = 0;
		};
/* End PBXSourcesBuildPhase section */

/* Begin XCBuildConfiguration section */
		C6C4C1192CDD056F00C80E6E /* Debug */ = {
			isa = XCBuildConfiguration;
			buildSettings = {
				ALWAYS_SEARCH_USER_PATHS = NO;
				ASSETCATALOG_COMPILER_GENERATE_SWIFT_ASSET_SYMBOL_EXTENSIONS = YES;
				CLANG_ANALYZER_NONNULL = YES;
				CLANG_ANALYZER_NUMBER_OBJECT_CONVERSION = YES_AGGRESSIVE;
				CLANG_CXX_LANGUAGE_STANDARD = "gnu++20";
				CLANG_ENABLE_MODULES = YES;
				CLANG_ENABLE_OBJC_ARC = YES;
				CLANG_ENABLE_OBJC_WEAK = YES;
				CLANG_WARN_BLOCK_CAPTURE_AUTORELEASING = YES;
				CLANG_WARN_BOOL_CONVERSION = YES;
				CLANG_WARN_COMMA = YES;
				CLANG_WARN_CONSTANT_CONVERSION = YES;
				CLANG_WARN_DEPRECATED_OBJC_IMPLEMENTATIONS = YES;
				CLANG_WARN_DIRECT_OBJC_ISA_USAGE = YES_ERROR;
				CLANG_WARN_DOCUMENTATION_COMMENTS = YES;
				CLANG_WARN_EMPTY_BODY = YES;
				CLANG_WARN_ENUM_CONVERSION = YES;
				CLANG_WARN_INFINITE_RECURSION = YES;
				CLANG_WARN_INT_CONVERSION = YES;
				CLANG_WARN_NON_LITERAL_NULL_CONVERSION = YES;
				CLANG_WARN_OBJC_IMPLICIT_RETAIN_SELF = YES;
				CLANG_WARN_OBJC_LITERAL_CONVERSION = YES;
				CLANG_WARN_OBJC_ROOT_CLASS = YES_ERROR;
				CLANG_WARN_QUOTED_INCLUDE_IN_FRAMEWORK_HEADER = YES;
				CLANG_WARN_RANGE_LOOP_ANALYSIS = YES;
				CLANG_WARN_STRICT_PROTOTYPES = YES;
				CLANG_WARN_SUSPICIOUS_MOVE = YES;
				CLANG_WARN_UNGUARDED_AVAILABILITY = YES_AGGRESSIVE;
				CLANG_WARN_UNREACHABLE_CODE = YES;
				CLANG_WARN__DUPLICATE_METHOD_MATCH = YES;
				COPY_PHASE_STRIP = NO;
				DEBUG_INFORMATION_FORMAT = dwarf;
				ENABLE_STRICT_OBJC_MSGSEND = YES;
				ENABLE_TESTABILITY = YES;
				ENABLE_USER_SCRIPT_SANDBOXING = YES;
				GCC_C_LANGUAGE_STANDARD = gnu17;
				GCC_DYNAMIC_NO_PIC = NO;
				GCC_NO_COMMON_BLOCKS = YES;
				GCC_OPTIMIZATION_LEVEL = 0;
				GCC_PREPROCESSOR_DEFINITIONS = (
					"DEBUG=1",
					"$(inherited)",
				);
				GCC_WARN_64_TO_32_BIT_CONVERSION = YES;
				GCC_WARN_ABOUT_RETURN_TYPE = YES_ERROR;
				GCC_WARN_UNDECLARED_SELECTOR = YES;
				GCC_WARN_UNINITIALIZED_AUTOS = YES_AGGRESSIVE;
				GCC_WARN_UNUSED_FUNCTION = YES;
				GCC_WARN_UNUSED_VARIABLE = YES;
				IPHONEOS_DEPLOYMENT_TARGET = 18.1;
				LOCALIZATION_PREFERS_STRING_CATALOGS = YES;
				MTL_ENABLE_DEBUG_INFO = INCLUDE_SOURCE;
				MTL_FAST_MATH = YES;
				ONLY_ACTIVE_ARCH = YES;
				SDKROOT = iphoneos;
				SWIFT_ACTIVE_COMPILATION_CONDITIONS = "DEBUG $(inherited)";
				SWIFT_OPTIMIZATION_LEVEL = "-Onone";
			};
			name = Debug;
		};
		C6C4C11A2CDD056F00C80E6E /* Release */ = {
			isa = XCBuildConfiguration;
			buildSettings = {
				ALWAYS_SEARCH_USER_PATHS = NO;
				ASSETCATALOG_COMPILER_GENERATE_SWIFT_ASSET_SYMBOL_EXTENSIONS = YES;
				CLANG_ANALYZER_NONNULL = YES;
				CLANG_ANALYZER_NUMBER_OBJECT_CONVERSION = YES_AGGRESSIVE;
				CLANG_CXX_LANGUAGE_STANDARD = "gnu++20";
				CLANG_ENABLE_MODULES = YES;
				CLANG_ENABLE_OBJC_ARC = YES;
				CLANG_ENABLE_OBJC_WEAK = YES;
				CLANG_WARN_BLOCK_CAPTURE_AUTORELEASING = YES;
				CLANG_WARN_BOOL_CONVERSION = YES;
				CLANG_WARN_COMMA = YES;
				CLANG_WARN_CONSTANT_CONVERSION = YES;
				CLANG_WARN_DEPRECATED_OBJC_IMPLEMENTATIONS = YES;
				CLANG_WARN_DIRECT_OBJC_ISA_USAGE = YES_ERROR;
				CLANG_WARN_DOCUMENTATION_COMMENTS = YES;
				CLANG_WARN_EMPTY_BODY = YES;
				CLANG_WARN_ENUM_CONVERSION = YES;
				CLANG_WARN_INFINITE_RECURSION = YES;
				CLANG_WARN_INT_CONVERSION = YES;
				CLANG_WARN_NON_LITERAL_NULL_CONVERSION = YES;
				CLANG_WARN_OBJC_IMPLICIT_RETAIN_SELF = YES;
				CLANG_WARN_OBJC_LITERAL_CONVERSION = YES;
				CLANG_WARN_OBJC_ROOT_CLASS = YES_ERROR;
				CLANG_WARN_QUOTED_INCLUDE_IN_FRAMEWORK_HEADER = YES;
				CLANG_WARN_RANGE_LOOP_ANALYSIS = YES;
				CLANG_WARN_STRICT_PROTOTYPES = YES;
				CLANG_WARN_SUSPICIOUS_MOVE = YES;
				CLANG_WARN_UNGUARDED_AVAILABILITY = YES_AGGRESSIVE;
				CLANG_WARN_UNREACHABLE_CODE = YES;
				CLANG_WARN__DUPLICATE_METHOD_MATCH = YES;
				COPY_PHASE_STRIP = NO;
				DEBUG_INFORMATION_FORMAT = "dwarf-with-dsym";
				ENABLE_NS_ASSERTIONS = NO;
				ENABLE_STRICT_OBJC_MSGSEND = YES;
				ENABLE_USER_SCRIPT_SANDBOXING = YES;
				GCC_C_LANGUAGE_STANDARD = gnu17;
				GCC_NO_COMMON_BLOCKS = YES;
				GCC_WARN_64_TO_32_BIT_CONVERSION = YES;
				GCC_WARN_ABOUT_RETURN_TYPE = YES_ERROR;
				GCC_WARN_UNDECLARED_SELECTOR = YES;
				GCC_WARN_UNINITIALIZED_AUTOS = YES_AGGRESSIVE;
				GCC_WARN_UNUSED_FUNCTION = YES;
				GCC_WARN_UNUSED_VARIABLE = YES;
				IPHONEOS_DEPLOYMENT_TARGET = 18.1;
				LOCALIZATION_PREFERS_STRING_CATALOGS = YES;
				MTL_ENABLE_DEBUG_INFO = NO;
				MTL_FAST_MATH = YES;
				SDKROOT = iphoneos;
				SWIFT_COMPILATION_MODE = wholemodule;
				VALIDATE_PRODUCT = YES;
			};
			name = Release;
		};
		C6C4C11C2CDD056F00C80E6E /* Debug */ = {
			isa = XCBuildConfiguration;
			buildSettings = {
				ASSETCATALOG_COMPILER_APPICON_NAME = AppIcon;
				ASSETCATALOG_COMPILER_GLOBAL_ACCENT_COLOR_NAME = AccentColor;
				CODE_SIGN_STYLE = Automatic;
				CURRENT_PROJECT_VERSION = 1;
				DEVELOPMENT_ASSET_PATHS = "\"SipTracker/Preview Content\"";
				DEVELOPMENT_TEAM = 6JLYLDSW4U;
				ENABLE_PREVIEWS = YES;
				GENERATE_INFOPLIST_FILE = YES;
				INFOPLIST_KEY_CFBundleDisplayName = "딱한잔";
				INFOPLIST_KEY_UIApplicationSceneManifest_Generation = YES;
				INFOPLIST_KEY_UIApplicationSupportsIndirectInputEvents = YES;
				INFOPLIST_KEY_UILaunchScreen_Generation = YES;
				INFOPLIST_KEY_UISupportedInterfaceOrientations = UIInterfaceOrientationPortrait;
				INFOPLIST_KEY_UISupportedInterfaceOrientations_iPad = "UIInterfaceOrientationLandscapeLeft UIInterfaceOrientationLandscapeRight UIInterfaceOrientationPortrait UIInterfaceOrientationPortraitUpsideDown";
				INFOPLIST_KEY_UIUserInterfaceStyle = Light;
				IPHONEOS_DEPLOYMENT_TARGET = 17.0;
				LD_RUNPATH_SEARCH_PATHS = (
					"$(inherited)",
					"@executable_path/Frameworks",
				);
				MARKETING_VERSION = 1.0;
				PRODUCT_BUNDLE_IDENTIFIER = swcon10300.SipTracker;
				PRODUCT_NAME = "$(TARGET_NAME)";
				SUPPORTED_PLATFORMS = "iphoneos iphonesimulator";
				SUPPORTS_MACCATALYST = NO;
				SUPPORTS_MAC_DESIGNED_FOR_IPHONE_IPAD = NO;
				SUPPORTS_XR_DESIGNED_FOR_IPHONE_IPAD = NO;
				SWIFT_EMIT_LOC_STRINGS = YES;
				SWIFT_VERSION = 6.0;
				TARGETED_DEVICE_FAMILY = 1;
			};
			name = Debug;
		};
		C6C4C11D2CDD056F00C80E6E /* Release */ = {
			isa = XCBuildConfiguration;
			buildSettings = {
				ASSETCATALOG_COMPILER_APPICON_NAME = AppIcon;
				ASSETCATALOG_COMPILER_GLOBAL_ACCENT_COLOR_NAME = AccentColor;
				CODE_SIGN_STYLE = Automatic;
				CURRENT_PROJECT_VERSION = 1;
				DEVELOPMENT_ASSET_PATHS = "\"SipTracker/Preview Content\"";
				DEVELOPMENT_TEAM = 6JLYLDSW4U;
				ENABLE_PREVIEWS = YES;
				GENERATE_INFOPLIST_FILE = YES;
				INFOPLIST_KEY_CFBundleDisplayName = "딱한잔";
				INFOPLIST_KEY_UIApplicationSceneManifest_Generation = YES;
				INFOPLIST_KEY_UIApplicationSupportsIndirectInputEvents = YES;
				INFOPLIST_KEY_UILaunchScreen_Generation = YES;
				INFOPLIST_KEY_UISupportedInterfaceOrientations = UIInterfaceOrientationPortrait;
				INFOPLIST_KEY_UISupportedInterfaceOrientations_iPad = "UIInterfaceOrientationLandscapeLeft UIInterfaceOrientationLandscapeRight UIInterfaceOrientationPortrait UIInterfaceOrientationPortraitUpsideDown";
				INFOPLIST_KEY_UIUserInterfaceStyle = Light;
				IPHONEOS_DEPLOYMENT_TARGET = 17.0;
				LD_RUNPATH_SEARCH_PATHS = (
					"$(inherited)",
					"@executable_path/Frameworks",
				);
				MARKETING_VERSION = 1.0;
				PRODUCT_BUNDLE_IDENTIFIER = swcon10300.SipTracker;
				PRODUCT_NAME = "$(TARGET_NAME)";
				SUPPORTED_PLATFORMS = "iphoneos iphonesimulator";
				SUPPORTS_MACCATALYST = NO;
				SUPPORTS_MAC_DESIGNED_FOR_IPHONE_IPAD = NO;
				SUPPORTS_XR_DESIGNED_FOR_IPHONE_IPAD = NO;
				SWIFT_EMIT_LOC_STRINGS = YES;
				SWIFT_VERSION = 6.0;
				TARGETED_DEVICE_FAMILY = 1;
			};
			name = Release;
		};
/* End XCBuildConfiguration section */

/* Begin XCConfigurationList section */
		C6C4C1062CDD056E00C80E6E /* Build configuration list for PBXProject "SipTracker" */ = {
			isa = XCConfigurationList;
			buildConfigurations = (
				C6C4C1192CDD056F00C80E6E /* Debug */,
				C6C4C11A2CDD056F00C80E6E /* Release */,
			);
			defaultConfigurationIsVisible = 0;
			defaultConfigurationName = Release;
		};
		C6C4C11B2CDD056F00C80E6E /* Build configuration list for PBXNativeTarget "SipTracker" */ = {
			isa = XCConfigurationList;
			buildConfigurations = (
				C6C4C11C2CDD056F00C80E6E /* Debug */,
				C6C4C11D2CDD056F00C80E6E /* Release */,
			);
			defaultConfigurationIsVisible = 0;
			defaultConfigurationName = Release;
		};
/* End XCConfigurationList section */

/* Begin XCRemoteSwiftPackageReference section */
		C6516F692CFC375100FCFAF2 /* XCRemoteSwiftPackageReference "FSCalendar" */ = {
			isa = XCRemoteSwiftPackageReference;
			repositoryURL = "https://github.com/WenchaoD/FSCalendar.git";
			requirement = {
				kind = upToNextMajorVersion;
				minimumVersion = 2.8.4;
			};
		};
		C6F07EA72CFC69E300F44F30 /* XCRemoteSwiftPackageReference "swiftui-introspect" */ = {
			isa = XCRemoteSwiftPackageReference;
			repositoryURL = "https://github.com/siteline/swiftui-introspect.git";
			requirement = {
				kind = upToNextMajorVersion;
				minimumVersion = 1.3.0;
			};
		};
/* End XCRemoteSwiftPackageReference section */

/* Begin XCSwiftPackageProductDependency section */
		C6516F6A2CFC375100FCFAF2 /* FSCalendar */ = {
			isa = XCSwiftPackageProductDependency;
			package = C6516F692CFC375100FCFAF2 /* XCRemoteSwiftPackageReference "FSCalendar" */;
			productName = FSCalendar;
		};
		C6F07EA82CFC69E300F44F30 /* SwiftUIIntrospect */ = {
			isa = XCSwiftPackageProductDependency;
			package = C6F07EA72CFC69E300F44F30 /* XCRemoteSwiftPackageReference "swiftui-introspect" */;
			productName = SwiftUIIntrospect;
		};
/* End XCSwiftPackageProductDependency section */
	};
	rootObject = C6C4C1032CDD056E00C80E6E /* Project object */;
}
